{
    "name": "@xlabs-playground/testnet-deploy",
    "version": "0.0.0",
    "lockfileVersion": 3,
    "requires": true,
    "packages": {
        "": {
            "name": "@xlabs-playground/testnet-deploy",
            "version": "0.0.0",
            "dependencies": {
                "a8d03d4924": "npm:@xlabs-playground/sample-app-github-actions@^0.2.0-Tb65d01f3cd"
            }
        },
        "node_modules/a8d03d4924": {
            "name": "@xlabs-playground/sample-app-github-actions",
            "version": "0.2.0-Tb65d01f3cd",
            "resolved": "https://npm.pkg.github.com/download/@xlabs-playground/sample-app-github-actions/0.2.0-Tb65d01f3cd/f8b4051f061b272dad249e9c42aafe4a3e7278bd",
            "integrity": "sha512-xugcl4WufDBwMRniRSuJwbZkkyG+Av/jSnbWTEozGPWZVweMW2H9RgbMK6xq2yfhKuWhCY+i3FmsOk9iCf/OkQ=="
        }
    }
}
